// !$*UTF8*$!
{
	archiveVersion = 1;
	classes = {
	};
	objectVersion = 50;
	objects = {

/* Begin PBXBuildFile section */
		AEB7D95726948D230073B5BB /* AppDelegate.swift in Sources */ = {isa = PBXBuildFile; fileRef = AEB7D95626948D230073B5BB /* AppDelegate.swift */; };
		AEB7D95926948D230073B5BB /* SceneDelegate.swift in Sources */ = {isa = PBXBuildFile; fileRef = AEB7D95826948D230073B5BB /* SceneDelegate.swift */; };
		AEB7D95B26948D230073B5BB /* ViewController.swift in Sources */ = {isa = PBXBuildFile; fileRef = AEB7D95A26948D230073B5BB /* ViewController.swift */; };
		AEB7D95E26948D230073B5BB /* Main.storyboard in Resources */ = {isa = PBXBuildFile; fileRef = AEB7D95C26948D230073B5BB /* Main.storyboard */; };
		AEB7D96126948D230073B5BB /* Udder.xcdatamodeld in Sources */ = {isa = PBXBuildFile; fileRef = AEB7D95F26948D230073B5BB /* Udder.xcdatamodeld */; };
		AEB7D96326948D240073B5BB /* Assets.xcassets in Resources */ = {isa = PBXBuildFile; fileRef = AEB7D96226948D240073B5BB /* Assets.xcassets */; };
		AEB7D96626948D240073B5BB /* LaunchScreen.storyboard in Resources */ = {isa = PBXBuildFile; fileRef = AEB7D96426948D240073B5BB /* LaunchScreen.storyboard */; };
		AEB7D97126948D240073B5BB /* UdderTests.swift in Sources */ = {isa = PBXBuildFile; fileRef = AEB7D97026948D240073B5BB /* UdderTests.swift */; };
		AEB7D97C26948D240073B5BB /* UdderUITests.swift in Sources */ = {isa = PBXBuildFile; fileRef = AEB7D97B26948D240073B5BB /* UdderUITests.swift */; };
/* End PBXBuildFile section */

/* Begin PBXContainerItemProxy section */
		AEB7D96D26948D240073B5BB /* PBXContainerItemProxy */ = {
			isa = PBXContainerItemProxy;
			containerPortal = AEB7D94B26948D230073B5BB /* Project object */;
			proxyType = 1;
			remoteGlobalIDString = AEB7D95226948D230073B5BB;
			remoteInfo = Udder;
		};
		AEB7D97826948D240073B5BB /* PBXContainerItemProxy */ = {
			isa = PBXContainerItemProxy;
			containerPortal = AEB7D94B26948D230073B5BB /* Project object */;
			proxyType = 1;
			remoteGlobalIDString = AEB7D95226948D230073B5BB;
			remoteInfo = Udder;
		};
/* End PBXContainerItemProxy section */

/* Begin PBXFileReference section */
		AEB7D95326948D230073B5BB /* Udder.app */ = {isa = PBXFileReference; explicitFileType = wrapper.application; includeInIndex = 0; path = Udder.app; sourceTree = BUILT_PRODUCTS_DIR; };
		AEB7D95626948D230073B5BB /* AppDelegate.swift */ = {isa = PBXFileReference; lastKnownFileType = sourcecode.swift; path = AppDelegate.swift; sourceTree = "<group>"; };
		AEB7D95826948D230073B5BB /* SceneDelegate.swift */ = {isa = PBXFileReference; lastKnownFileType = sourcecode.swift; path = SceneDelegate.swift; sourceTree = "<group>"; };
		AEB7D95A26948D230073B5BB /* ViewController.swift */ = {isa = PBXFileReference; lastKnownFileType = sourcecode.swift; path = ViewController.swift; sourceTree = "<group>"; };
		AEB7D95D26948D230073B5BB /* Base */ = {isa = PBXFileReference; lastKnownFileType = file.storyboard; name = Base; path = Base.lproj/Main.storyboard; sourceTree = "<group>"; };
		AEB7D96026948D230073B5BB /* Udder.xcdatamodel */ = {isa = PBXFileReference; lastKnownFileType = wrapper.xcdatamodel; path = Udder.xcdatamodel; sourceTree = "<group>"; };
		AEB7D96226948D240073B5BB /* Assets.xcassets */ = {isa = PBXFileReference; lastKnownFileType = folder.assetcatalog; path = Assets.xcassets; sourceTree = "<group>"; };
		AEB7D96526948D240073B5BB /* Base */ = {isa = PBXFileReference; lastKnownFileType = file.storyboard; name = Base; path = Base.lproj/LaunchScreen.storyboard; sourceTree = "<group>"; };
		AEB7D96726948D240073B5BB /* Info.plist */ = {isa = PBXFileReference; lastKnownFileType = text.plist.xml; path = Info.plist; sourceTree = "<group>"; };
		AEB7D96C26948D240073B5BB /* UdderTests.xctest */ = {isa = PBXFileReference; explicitFileType = wrapper.cfbundle; includeInIndex = 0; path = UdderTests.xctest; sourceTree = BUILT_PRODUCTS_DIR; };
		AEB7D97026948D240073B5BB /* UdderTests.swift */ = {isa = PBXFileReference; lastKnownFileType = sourcecode.swift; path = UdderTests.swift; sourceTree = "<group>"; };
		AEB7D97226948D240073B5BB /* Info.plist */ = {isa = PBXFileReference; lastKnownFileType = text.plist.xml; path = Info.plist; sourceTree = "<group>"; };
		AEB7D97726948D240073B5BB /* UdderUITests.xctest */ = {isa = PBXFileReference; explicitFileType = wrapper.cfbundle; includeInIndex = 0; path = UdderUITests.xctest; sourceTree = BUILT_PRODUCTS_DIR; };
		AEB7D97B26948D240073B5BB /* UdderUITests.swift */ = {isa = PBXFileReference; lastKnownFileType = sourcecode.swift; path = UdderUITests.swift; sourceTree = "<group>"; };
		AEB7D97D26948D240073B5BB /* Info.plist */ = {isa = PBXFileReference; lastKnownFileType = text.plist.xml; path = Info.plist; sourceTree = "<group>"; };
/* End PBXFileReference section */

/* Begin PBXFrameworksBuildPhase section */
		AEB7D95026948D230073B5BB /* Frameworks */ = {
			isa = PBXFrameworksBuildPhase;
			buildActionMask = 2147483647;
			files = (
			);
			runOnlyForDeploymentPostprocessing = 0;
		};
		AEB7D96926948D240073B5BB /* Frameworks */ = {
			isa = PBXFrameworksBuildPhase;
			buildActionMask = 2147483647;
			files = (
			);
			runOnlyForDeploymentPostprocessing = 0;
		};
		AEB7D97426948D240073B5BB /* Frameworks */ = {
			isa = PBXFrameworksBuildPhase;
			buildActionMask = 2147483647;
			files = (
			);
			runOnlyForDeploymentPostprocessing = 0;
		};
/* End PBXFrameworksBuildPhase section */

/* Begin PBXGroup section */
		AEB7D94A26948D230073B5BB = {
			isa = PBXGroup;
			children = (
				AEB7D95526948D230073B5BB /* Udder */,
				AEB7D96F26948D240073B5BB /* UdderTests */,
				AEB7D97A26948D240073B5BB /* UdderUITests */,
				AEB7D95426948D230073B5BB /* Products */,
			);
			sourceTree = "<group>";
		};
		AEB7D95426948D230073B5BB /* Products */ = {
			isa = PBXGroup;
			children = (
				AEB7D95326948D230073B5BB /* Udder.app */,
				AEB7D96C26948D240073B5BB /* UdderTests.xctest */,
				AEB7D97726948D240073B5BB /* UdderUITests.xctest */,
			);
			name = Products;
			sourceTree = "<group>";
		};
		AEB7D95526948D230073B5BB /* Udder */ = {
			isa = PBXGroup;
			children = (
				AEB7D95626948D230073B5BB /* AppDelegate.swift */,
				AEB7D95826948D230073B5BB /* SceneDelegate.swift */,
				AEB7D95A26948D230073B5BB /* ViewController.swift */,
				AEB7D95C26948D230073B5BB /* Main.storyboard */,
				AEB7D96226948D240073B5BB /* Assets.xcassets */,
				AEB7D96426948D240073B5BB /* LaunchScreen.storyboard */,
				AEB7D96726948D240073B5BB /* Info.plist */,
				AEB7D95F26948D230073B5BB /* Udder.xcdatamodeld */,
			);
			path = Udder;
			sourceTree = "<group>";
		};
		AEB7D96F26948D240073B5BB /* UdderTests */ = {
			isa = PBXGroup;
			children = (
				AEB7D97026948D240073B5BB /* UdderTests.swift */,
				AEB7D97226948D240073B5BB /* Info.plist */,
			);
			path = UdderTests;
			sourceTree = "<group>";
		};
		AEB7D97A26948D240073B5BB /* UdderUITests */ = {
			isa = PBXGroup;
			children = (
				AEB7D97B26948D240073B5BB /* UdderUITests.swift */,
				AEB7D97D26948D240073B5BB /* Info.plist */,
			);
			path = UdderUITests;
			sourceTree = "<group>";
		};
/* End PBXGroup section */

/* Begin PBXNativeTarget section */
		AEB7D95226948D230073B5BB /* Udder */ = {
			isa = PBXNativeTarget;
			buildConfigurationList = AEB7D98026948D240073B5BB /* Build configuration list for PBXNativeTarget "Udder" */;
			buildPhases = (
				AEB7D94F26948D230073B5BB /* Sources */,
				AEB7D95026948D230073B5BB /* Frameworks */,
				AEB7D95126948D230073B5BB /* Resources */,
			);
			buildRules = (
			);
			dependencies = (
			);
			name = Udder;
			productName = Udder;
			productReference = AEB7D95326948D230073B5BB /* Udder.app */;
			productType = "com.apple.product-type.application";
		};
		AEB7D96B26948D240073B5BB /* UdderTests */ = {
			isa = PBXNativeTarget;
			buildConfigurationList = AEB7D98326948D240073B5BB /* Build configuration list for PBXNativeTarget "UdderTests" */;
			buildPhases = (
				AEB7D96826948D240073B5BB /* Sources */,
				AEB7D96926948D240073B5BB /* Frameworks */,
				AEB7D96A26948D240073B5BB /* Resources */,
			);
			buildRules = (
			);
			dependencies = (
				AEB7D96E26948D240073B5BB /* PBXTargetDependency */,
			);
			name = UdderTests;
			productName = UdderTests;
			productReference = AEB7D96C26948D240073B5BB /* UdderTests.xctest */;
			productType = "com.apple.product-type.bundle.unit-test";
		};
		AEB7D97626948D240073B5BB /* UdderUITests */ = {
			isa = PBXNativeTarget;
			buildConfigurationList = AEB7D98626948D240073B5BB /* Build configuration list for PBXNativeTarget "UdderUITests" */;
			buildPhases = (
				AEB7D97326948D240073B5BB /* Sources */,
				AEB7D97426948D240073B5BB /* Frameworks */,
				AEB7D97526948D240073B5BB /* Resources */,
			);
			buildRules = (
			);
			dependencies = (
				AEB7D97926948D240073B5BB /* PBXTargetDependency */,
			);
			name = UdderUITests;
			productName = UdderUITests;
			productReference = AEB7D97726948D240073B5BB /* UdderUITests.xctest */;
			productType = "com.apple.product-type.bundle.ui-testing";
		};
/* End PBXNativeTarget section */

/* Begin PBXProject section */
		AEB7D94B26948D230073B5BB /* Project object */ = {
			isa = PBXProject;
			attributes = {
				LastSwiftUpdateCheck = 1250;
				LastUpgradeCheck = 1250;
				TargetAttributes = {
					AEB7D95226948D230073B5BB = {
						CreatedOnToolsVersion = 12.5.1;
					};
					AEB7D96B26948D240073B5BB = {
						CreatedOnToolsVersion = 12.5.1;
						TestTargetID = AEB7D95226948D230073B5BB;
					};
					AEB7D97626948D240073B5BB = {
						CreatedOnToolsVersion = 12.5.1;
						TestTargetID = AEB7D95226948D230073B5BB;
					};
				};
			};
			buildConfigurationList = AEB7D94E26948D230073B5BB /* Build configuration list for PBXProject "Udder" */;
			compatibilityVersion = "Xcode 9.3";
			developmentRegion = en;
			hasScannedForEncodings = 0;
			knownRegions = (
				en,
				Base,
			);
			mainGroup = AEB7D94A26948D230073B5BB;
			productRefGroup = AEB7D95426948D230073B5BB /* Products */;
			projectDirPath = "";
			projectRoot = "";
			targets = (
				AEB7D95226948D230073B5BB /* Udder */,
				AEB7D96B26948D240073B5BB /* UdderTests */,
				AEB7D97626948D240073B5BB /* UdderUITests */,
			);
		};
/* End PBXProject section */

/* Begin PBXResourcesBuildPhase section */
		AEB7D95126948D230073B5BB /* Resources */ = {
			isa = PBXResourcesBuildPhase;
			buildActionMask = 2147483647;
			files = (
				AEB7D96626948D240073B5BB /* LaunchScreen.storyboard in Resources */,
				AEB7D96326948D240073B5BB /* Assets.xcassets in Resources */,
				AEB7D95E26948D230073B5BB /* Main.storyboard in Resources */,
			);
			runOnlyForDeploymentPostprocessing = 0;
		};
		AEB7D96A26948D240073B5BB /* Resources */ = {
			isa = PBXResourcesBuildPhase;
			buildActionMask = 2147483647;
			files = (
			);
			runOnlyForDeploymentPostprocessing = 0;
		};
		AEB7D97526948D240073B5BB /* Resources */ = {
			isa = PBXResourcesBuildPhase;
			buildActionMask = 2147483647;
			files = (
			);
			runOnlyForDeploymentPostprocessing = 0;
		};
/* End PBXResourcesBuildPhase section */

/* Begin PBXSourcesBuildPhase section */
		AEB7D94F26948D230073B5BB /* Sources */ = {
			isa = PBXSourcesBuildPhase;
			buildActionMask = 2147483647;
			files = (
				AEB7D95B26948D230073B5BB /* ViewController.swift in Sources */,
				AEB7D95726948D230073B5BB /* AppDelegate.swift in Sources */,
				AEB7D96126948D230073B5BB /* Udder.xcdatamodeld in Sources */,
				AEB7D95926948D230073B5BB /* SceneDelegate.swift in Sources */,
			);
			runOnlyForDeploymentPostprocessing = 0;
		};
		AEB7D96826948D240073B5BB /* Sources */ = {
			isa = PBXSourcesBuildPhase;
			buildActionMask = 2147483647;
			files = (
				AEB7D97126948D240073B5BB /* UdderTests.swift in Sources */,
			);
			runOnlyForDeploymentPostprocessing = 0;
		};
		AEB7D97326948D240073B5BB /* Sources */ = {
			isa = PBXSourcesBuildPhase;
			buildActionMask = 2147483647;
			files = (
				AEB7D97C26948D240073B5BB /* UdderUITests.swift in Sources */,
			);
			runOnlyForDeploymentPostprocessing = 0;
		};
/* End PBXSourcesBuildPhase section */

/* Begin PBXTargetDependency section */
		AEB7D96E26948D240073B5BB /* PBXTargetDependency */ = {
			isa = PBXTargetDependency;
			target = AEB7D95226948D230073B5BB /* Udder */;
			targetProxy = AEB7D96D26948D240073B5BB /* PBXContainerItemProxy */;
		};
		AEB7D97926948D240073B5BB /* PBXTargetDependency */ = {
			isa = PBXTargetDependency;
			target = AEB7D95226948D230073B5BB /* Udder */;
			targetProxy = AEB7D97826948D240073B5BB /* PBXContainerItemProxy */;
		};
/* End PBXTargetDependency section */

/* Begin PBXVariantGroup section */
		AEB7D95C26948D230073B5BB /* Main.storyboard */ = {
			isa = PBXVariantGroup;
			children = (
				AEB7D95D26948D230073B5BB /* Base */,
			);
			name = Main.storyboard;
			sourceTree = "<group>";
		};
		AEB7D96426948D240073B5BB /* LaunchScreen.storyboard */ = {
			isa = PBXVariantGroup;
			children = (
				AEB7D96526948D240073B5BB /* Base */,
			);
			name = LaunchScreen.storyboard;
			sourceTree = "<group>";
		};
/* End PBXVariantGroup section */

/* Begin XCBuildConfiguration section */
		AEB7D97E26948D240073B5BB /* Debug */ = {
			isa = XCBuildConfiguration;
			buildSettings = {
				ALWAYS_SEARCH_USER_PATHS = NO;
				CLANG_ANALYZER_NONNULL = YES;
				CLANG_ANALYZER_NUMBER_OBJECT_CONVERSION = YES_AGGRESSIVE;
				CLANG_CXX_LANGUAGE_STANDARD = "gnu++14";
				CLANG_CXX_LIBRARY = "libc++";
				CLANG_ENABLE_MODULES = YES;
				CLANG_ENABLE_OBJC_ARC = YES;
				CLANG_ENABLE_OBJC_WEAK = YES;
				CLANG_WARN_BLOCK_CAPTURE_AUTORELEASING = YES;
				CLANG_WARN_BOOL_CONVERSION = YES;
				CLANG_WARN_COMMA = YES;
				CLANG_WARN_CONSTANT_CONVERSION = YES;
				CLANG_WARN_DEPRECATED_OBJC_IMPLEMENTATIONS = YES;
				CLANG_WARN_DIRECT_OBJC_ISA_USAGE = YES_ERROR;
				CLANG_WARN_DOCUMENTATION_COMMENTS = YES;
				CLANG_WARN_EMPTY_BODY = YES;
				CLANG_WARN_ENUM_CONVERSION = YES;
				CLANG_WARN_INFINITE_RECURSION = YES;
				CLANG_WARN_INT_CONVERSION = YES;
				CLANG_WARN_NON_LITERAL_NULL_CONVERSION = YES;
				CLANG_WARN_OBJC_IMPLICIT_RETAIN_SELF = YES;
				CLANG_WARN_OBJC_LITERAL_CONVERSION = YES;
				CLANG_WARN_OBJC_ROOT_CLASS = YES_ERROR;
				CLANG_WARN_QUOTED_INCLUDE_IN_FRAMEWORK_HEADER = YES;
				CLANG_WARN_RANGE_LOOP_ANALYSIS = YES;
				CLANG_WARN_STRICT_PROTOTYPES = YES;
				CLANG_WARN_SUSPICIOUS_MOVE = YES;
				CLANG_WARN_UNGUARDED_AVAILABILITY = YES_AGGRESSIVE;
				CLANG_WARN_UNREACHABLE_CODE = YES;
				CLANG_WARN__DUPLICATE_METHOD_MATCH = YES;
				COPY_PHASE_STRIP = NO;
				DEBUG_INFORMATION_FORMAT = dwarf;
				ENABLE_STRICT_OBJC_MSGSEND = YES;
				ENABLE_TESTABILITY = YES;
				GCC_C_LANGUAGE_STANDARD = gnu11;
				GCC_DYNAMIC_NO_PIC = NO;
				GCC_NO_COMMON_BLOCKS = YES;
				GCC_OPTIMIZATION_LEVEL = 0;
				GCC_PREPROCESSOR_DEFINITIONS = (
					"DEBUG=1",
					"$(inherited)",
				);
				GCC_WARN_64_TO_32_BIT_CONVERSION = YES;
				GCC_WARN_ABOUT_RETURN_TYPE = YES_ERROR;
				GCC_WARN_UNDECLARED_SELECTOR = YES;
				GCC_WARN_UNINITIALIZED_AUTOS = YES_AGGRESSIVE;
				GCC_WARN_UNUSED_FUNCTION = YES;
				GCC_WARN_UNUSED_VARIABLE = YES;
				IPHONEOS_DEPLOYMENT_TARGET = 14.5;
				MTL_ENABLE_DEBUG_INFO = INCLUDE_SOURCE;
				MTL_FAST_MATH = YES;
				ONLY_ACTIVE_ARCH = YES;
				SDKROOT = iphoneos;
				SWIFT_ACTIVE_COMPILATION_CONDITIONS = DEBUG;
				SWIFT_OPTIMIZATION_LEVEL = "-Onone";
			};
			name = Debug;
		};
		AEB7D97F26948D240073B5BB /* Release */ = {
			isa = XCBuildConfiguration;
			buildSettings = {
				ALWAYS_SEARCH_USER_PATHS = NO;
				CLANG_ANALYZER_NONNULL = YES;
				CLANG_ANALYZER_NUMBER_OBJECT_CONVERSION = YES_AGGRESSIVE;
				CLANG_CXX_LANGUAGE_STANDARD = "gnu++14";
				CLANG_CXX_LIBRARY = "libc++";
				CLANG_ENABLE_MODULES = YES;
				CLANG_ENABLE_OBJC_ARC = YES;
				CLANG_ENABLE_OBJC_WEAK = YES;
				CLANG_WARN_BLOCK_CAPTURE_AUTORELEASING = YES;
				CLANG_WARN_BOOL_CONVERSION = YES;
				CLANG_WARN_COMMA = YES;
				CLANG_WARN_CONSTANT_CONVERSION = YES;
				CLANG_WARN_DEPRECATED_OBJC_IMPLEMENTATIONS = YES;
				CLANG_WARN_DIRECT_OBJC_ISA_USAGE = YES_ERROR;
				CLANG_WARN_DOCUMENTATION_COMMENTS = YES;
				CLANG_WARN_EMPTY_BODY = YES;
				CLANG_WARN_ENUM_CONVERSION = YES;
				CLANG_WARN_INFINITE_RECURSION = YES;
				CLANG_WARN_INT_CONVERSION = YES;
				CLANG_WARN_NON_LITERAL_NULL_CONVERSION = YES;
				CLANG_WARN_OBJC_IMPLICIT_RETAIN_SELF = YES;
				CLANG_WARN_OBJC_LITERAL_CONVERSION = YES;
				CLANG_WARN_OBJC_ROOT_CLASS = YES_ERROR;
				CLANG_WARN_QUOTED_INCLUDE_IN_FRAMEWORK_HEADER = YES;
				CLANG_WARN_RANGE_LOOP_ANALYSIS = YES;
				CLANG_WARN_STRICT_PROTOTYPES = YES;
				CLANG_WARN_SUSPICIOUS_MOVE = YES;
				CLANG_WARN_UNGUARDED_AVAILABILITY = YES_AGGRESSIVE;
				CLANG_WARN_UNREACHABLE_CODE = YES;
				CLANG_WARN__DUPLICATE_METHOD_MATCH = YES;
				COPY_PHASE_STRIP = NO;
				DEBUG_INFORMATION_FORMAT = "dwarf-with-dsym";
				ENABLE_NS_ASSERTIONS = NO;
				ENABLE_STRICT_OBJC_MSGSEND = YES;
				GCC_C_LANGUAGE_STANDARD = gnu11;
				GCC_NO_COMMON_BLOCKS = YES;
				GCC_WARN_64_TO_32_BIT_CONVERSION = YES;
				GCC_WARN_ABOUT_RETURN_TYPE = YES_ERROR;
				GCC_WARN_UNDECLARED_SELECTOR = YES;
				GCC_WARN_UNINITIALIZED_AUTOS = YES_AGGRESSIVE;
				GCC_WARN_UNUSED_FUNCTION = YES;
				GCC_WARN_UNUSED_VARIABLE = YES;
				IPHONEOS_DEPLOYMENT_TARGET = 14.5;
				MTL_ENABLE_DEBUG_INFO = NO;
				MTL_FAST_MATH = YES;
				SDKROOT = iphoneos;
				SWIFT_COMPILATION_MODE = wholemodule;
				SWIFT_OPTIMIZATION_LEVEL = "-O";
				VALIDATE_PRODUCT = YES;
			};
			name = Release;
		};
		AEB7D98126948D240073B5BB /* Debug */ = {
			isa = XCBuildConfiguration;
			buildSettings = {
				ASSETCATALOG_COMPILER_APPICON_NAME = AppIcon;
				ASSETCATALOG_COMPILER_GLOBAL_ACCENT_COLOR_NAME = AccentColor;
				CODE_SIGN_STYLE = Automatic;
				INFOPLIST_FILE = Udder/Info.plist;
				LD_RUNPATH_SEARCH_PATHS = (
					"$(inherited)",
					"@executable_path/Frameworks",
				);
				PRODUCT_BUNDLE_IDENTIFIER = deltacare.Udder;
				PRODUCT_NAME = "$(TARGET_NAME)";
				SWIFT_VERSION = 5.0;
				TARGETED_DEVICE_FAMILY = "1,2";
			};
			name = Debug;
		};
		AEB7D98226948D240073B5BB /* Release */ = {
			isa = XCBuildConfiguration;
			buildSettings = {
				ASSETCATALOG_COMPILER_APPICON_NAME = AppIcon;
				ASSETCATALOG_COMPILER_GLOBAL_ACCENT_COLOR_NAME = AccentColor;
				CODE_SIGN_STYLE = Automatic;
				INFOPLIST_FILE = Udder/Info.plist;
				LD_RUNPATH_SEARCH_PATHS = (
					"$(inherited)",
					"@executable_path/Frameworks",
				);
				PRODUCT_BUNDLE_IDENTIFIER = deltacare.Udder;
				PRODUCT_NAME = "$(TARGET_NAME)";
				SWIFT_VERSION = 5.0;
				TARGETED_DEVICE_FAMILY = "1,2";
			};
			name = Release;
		};
		AEB7D98426948D240073B5BB /* Debug */ = {
			isa = XCBuildConfiguration;
			buildSettings = {
				ALWAYS_EMBED_SWIFT_STANDARD_LIBRARIES = YES;
				BUNDLE_LOADER = "$(TEST_HOST)";
				CODE_SIGN_STYLE = Automatic;
				INFOPLIST_FILE = UdderTests/Info.plist;
				IPHONEOS_DEPLOYMENT_TARGET = 14.5;
				LD_RUNPATH_SEARCH_PATHS = (
					"$(inherited)",
					"@executable_path/Frameworks",
					"@loader_path/Frameworks",
				);
				PRODUCT_BUNDLE_IDENTIFIER = deltacare.UdderTests;
				PRODUCT_NAME = "$(TARGET_NAME)";
				SWIFT_VERSION = 5.0;
				TARGETED_DEVICE_FAMILY = "1,2";
				TEST_HOST = "$(BUILT_PRODUCTS_DIR)/Udder.app/Udder";
			};
			name = Debug;
		};
		AEB7D98526948D240073B5BB /* Release */ = {
			isa = XCBuildConfiguration;
			buildSettings = {
				ALWAYS_EMBED_SWIFT_STANDARD_LIBRARIES = YES;
				BUNDLE_LOADER = "$(TEST_HOST)";
				CODE_SIGN_STYLE = Automatic;
				INFOPLIST_FILE = UdderTests/Info.plist;
				IPHONEOS_DEPLOYMENT_TARGET = 14.5;
				LD_RUNPATH_SEARCH_PATHS = (
					"$(inherited)",
					"@executable_path/Frameworks",
					"@loader_path/Frameworks",
				);
				PRODUCT_BUNDLE_IDENTIFIER = deltacare.UdderTests;
				PRODUCT_NAME = "$(TARGET_NAME)";
				SWIFT_VERSION = 5.0;
				TARGETED_DEVICE_FAMILY = "1,2";
				TEST_HOST = "$(BUILT_PRODUCTS_DIR)/Udder.app/Udder";
			};
			name = Release;
		};
		AEB7D98726948D240073B5BB /* Debug */ = {
			isa = XCBuildConfiguration;
			buildSettings = {
				ALWAYS_EMBED_SWIFT_STANDARD_LIBRARIES = YES;
				CODE_SIGN_STYLE = Automatic;
				INFOPLIST_FILE = UdderUITests/Info.plist;
				LD_RUNPATH_SEARCH_PATHS = (
					"$(inherited)",
					"@executable_path/Frameworks",
					"@loader_path/Frameworks",
				);
				PRODUCT_BUNDLE_IDENTIFIER = deltacare.UdderUITests;
				PRODUCT_NAME = "$(TARGET_NAME)";
				SWIFT_VERSION = 5.0;
				TARGETED_DEVICE_FAMILY = "1,2";
				TEST_TARGET_NAME = Udder;
			};
			name = Debug;
		};
		AEB7D98826948D240073B5BB /* Release */ = {
			isa = XCBuildConfiguration;
			buildSettings = {
				ALWAYS_EMBED_SWIFT_STANDARD_LIBRARIES = YES;
				CODE_SIGN_STYLE = Automatic;
				INFOPLIST_FILE = UdderUITests/Info.plist;
				LD_RUNPATH_SEARCH_PATHS = (
					"$(inherited)",
					"@executable_path/Frameworks",
					"@loader_path/Frameworks",
				);
				PRODUCT_BUNDLE_IDENTIFIER = deltacare.UdderUITests;
				PRODUCT_NAME = "$(TARGET_NAME)";
				SWIFT_VERSION = 5.0;
				TARGETED_DEVICE_FAMILY = "1,2";
				TEST_TARGET_NAME = Udder;
			};
			name = Release;
		};
/* End XCBuildConfiguration section */

/* Begin XCConfigurationList section */
		AEB7D94E26948D230073B5BB /* Build configuration list for PBXProject "Udder" */ = {
			isa = XCConfigurationList;
			buildConfigurations = (
				AEB7D97E26948D240073B5BB /* Debug */,
				AEB7D97F26948D240073B5BB /* Release */,
			);
			defaultConfigurationIsVisible = 0;
			defaultConfigurationName = Release;
		};
		AEB7D98026948D240073B5BB /* Build configuration list for PBXNativeTarget "Udder" */ = {
			isa = XCConfigurationList;
			buildConfigurations = (
				AEB7D98126948D240073B5BB /* Debug */,
				AEB7D98226948D240073B5BB /* Release */,
			);
			defaultConfigurationIsVisible = 0;
			defaultConfigurationName = Release;
		};
		AEB7D98326948D240073B5BB /* Build configuration list for PBXNativeTarget "UdderTests" */ = {
			isa = XCConfigurationList;
			buildConfigurations = (
				AEB7D98426948D240073B5BB /* Debug */,
				AEB7D98526948D240073B5BB /* Release */,
			);
			defaultConfigurationIsVisible = 0;
			defaultConfigurationName = Release;
		};
		AEB7D98626948D240073B5BB /* Build configuration list for PBXNativeTarget "UdderUITests" */ = {
			isa = XCConfigurationList;
			buildConfigurations = (
				AEB7D98726948D240073B5BB /* Debug */,
				AEB7D98826948D240073B5BB /* Release */,
			);
			defaultConfigurationIsVisible = 0;
			defaultConfigurationName = Release;
		};
/* End XCConfigurationList section */

/* Begin XCVersionGroup section */
		AEB7D95F26948D230073B5BB /* Udder.xcdatamodeld */ = {
			isa = XCVersionGroup;
			children = (
				AEB7D96026948D230073B5BB /* Udder.xcdatamodel */,
			);
			currentVersion = AEB7D96026948D230073B5BB /* Udder.xcdatamodel */;
			path = Udder.xcdatamodeld;
			sourceTree = "<group>";
			versionGroupType = wrapper.xcdatamodel;
		};
/* End XCVersionGroup section */
	};
	rootObject = AEB7D94B26948D230073B5BB /* Project object */;
}
